
Microsoft Visual Studio Solution File, Format Version 12.00
# Visual Studio Version 17
VisualStudioVersion = 17.8.34330.188
MinimumVisualStudioVersion = 10.0.40219.1
Project("{9A19103F-16F7-4668-BE54-9A1E7A4F7556}") = "Water.Endpoint", "MovieClub.Endpoint\Water.Endpoint.csproj", "{D6D1FC1A-D1B5-430D-952A-403BC2CC1E6A}"
EndProject
Project("{9A19103F-16F7-4668-BE54-9A1E7A4F7556}") = "Water.Logic", "MovieClub.Logic\Water.Logic.csproj", "{9D723B1B-FC6B-4E66-8996-DDB1B77CA85D}"
EndProject
Project("{9A19103F-16F7-4668-BE54-9A1E7A4F7556}") = "Water.Data", "MovieClub.Data\Water.Data.csproj", "{0009CD2E-EFC8-4964-9AE2-A2C34BE432C0}"
EndProject
Project("{9A19103F-16F7-4668-BE54-9A1E7A4F7556}") = "Water.Entities", "MovieClub.Entities\Water.Entities.csproj", "{A0BA8673-700A-4CD2-B08D-0EC655918082}"
EndProject
Project("{FAE04EC0-301F-11D3-BF4B-00C04F79EFBC}") = "WaterLevelClient", "WaterLevelClient\WaterLevelClient.csproj", "{EF1B086F-FBB1-419B-8086-CEE917784F06}"
EndProject
Global
	GlobalSection(SolutionConfigurationPlatforms) = preSolution
		Debug|Any CPU = Debug|Any CPU
		Release|Any CPU = Release|Any CPU
	EndGlobalSection
	GlobalSection(ProjectConfigurationPlatforms) = postSolution
		{D6D1FC1A-D1B5-430D-952A-403BC2CC1E6A}.Debug|Any CPU.ActiveCfg = Debug|Any CPU
		{D6D1FC1A-D1B5-430D-952A-403BC2CC1E6A}.Debug|Any CPU.Build.0 = Debug|Any CPU
		{D6D1FC1A-D1B5-430D-952A-403BC2CC1E6A}.Release|Any CPU.ActiveCfg = Release|Any CPU
		{D6D1FC1A-D1B5-430D-952A-403BC2CC1E6A}.Release|Any CPU.Build.0 = Release|Any CPU
		{9D723B1B-FC6B-4E66-8996-DDB1B77CA85D}.Debug|Any CPU.ActiveCfg = Debug|Any CPU
		{9D723B1B-FC6B-4E66-8996-DDB1B77CA85D}.Debug|Any CPU.Build.0 = Debug|Any CPU
		{9D723B1B-FC6B-4E66-8996-DDB1B77CA85D}.Release|Any CPU.ActiveCfg = Release|Any CPU
		{9D723B1B-FC6B-4E66-8996-DDB1B77CA85D}.Release|Any CPU.Build.0 = Release|Any CPU
		{0009CD2E-EFC8-4964-9AE2-A2C34BE432C0}.Debug|Any CPU.ActiveCfg = Debug|Any CPU
		{0009CD2E-EFC8-4964-9AE2-A2C34BE432C0}.Debug|Any CPU.Build.0 = Debug|Any CPU
		{0009CD2E-EFC8-4964-9AE2-A2C34BE432C0}.Release|Any CPU.ActiveCfg = Release|Any CPU
		{0009CD2E-EFC8-4964-9AE2-A2C34BE432C0}.Release|Any CPU.Build.0 = Release|Any CPU
		{A0BA8673-700A-4CD2-B08D-0EC655918082}.Debug|Any CPU.ActiveCfg = Debug|Any CPU
		{A0BA8673-700A-4CD2-B08D-0EC655918082}.Debug|Any CPU.Build.0 = Debug|Any CPU
		{A0BA8673-700A-4CD2-B08D-0EC655918082}.Release|Any CPU.ActiveCfg = Release|Any CPU
		{A0BA8673-700A-4CD2-B08D-0EC655918082}.Release|Any CPU.Build.0 = Release|Any CPU
		{EF1B086F-FBB1-419B-8086-CEE917784F06}.Debug|Any CPU.ActiveCfg = Debug|Any CPU
		{EF1B086F-FBB1-419B-8086-CEE917784F06}.Debug|Any CPU.Build.0 = Debug|Any CPU
		{EF1B086F-FBB1-419B-8086-CEE917784F06}.Release|Any CPU.ActiveCfg = Release|Any CPU
		{EF1B086F-FBB1-419B-8086-CEE917784F06}.Release|Any CPU.Build.0 = Release|Any CPU
	EndGlobalSection
	GlobalSection(SolutionProperties) = preSolution
		HideSolutionNode = FALSE
	EndGlobalSection
	GlobalSection(ExtensibilityGlobals) = postSolution
		SolutionGuid = {EB39D3C1-7EAE-4BB6-955F-4146A9B71A80}
	EndGlobalSection
EndGlobal
